
Microsoft Visual Studio Solution File, Format Version 12.00
# Visual Studio Version 17
VisualStudioVersion = 17.5.002.0
MinimumVisualStudioVersion = 10.0.40219.1
Project("{2150E333-8FDC-42A3-9474-1A3956D46DE8}") = "2.-Create and run simple C# console applications", "2.-Create and run simple C# console applications", "{092805F5-E4F5-4693-B069-1BE1B130B5ED}"
EndProject
Project("{2150E333-8FDC-42A3-9474-1A3956D46DE8}") = "CsharpProjects", "CsharpProjects", "{F31BA9FA-B13C-4B12-A4F7-362FB5501999}"
EndProject
Project("{9A19103F-16F7-4668-BE54-9A1E7A4F7556}") = "TestProject", "2.-Create and run simple C# console applications\CsharpProjects\TestProject\TestProject.csproj", "{51479C36-9D0C-4488-9844-1DB9045AEF96}"
EndProject
Global
	GlobalSection(SolutionConfigurationPlatforms) = preSolution
		Debug|Any CPU = Debug|Any CPU
		Release|Any CPU = Release|Any CPU
	EndGlobalSection
	GlobalSection(ProjectConfigurationPlatforms) = postSolution
		{51479C36-9D0C-4488-9844-1DB9045AEF96}.Debug|Any CPU.ActiveCfg = Debug|Any CPU
		{51479C36-9D0C-4488-9844-1DB9045AEF96}.Debug|Any CPU.Build.0 = Debug|Any CPU
		{51479C36-9D0C-4488-9844-1DB9045AEF96}.Release|Any CPU.ActiveCfg = Release|Any CPU
		{51479C36-9D0C-4488-9844-1DB9045AEF96}.Release|Any CPU.Build.0 = Release|Any CPU
	EndGlobalSection
	GlobalSection(SolutionProperties) = preSolution
		HideSolutionNode = FALSE
	EndGlobalSection
	GlobalSection(NestedProjects) = preSolution
		{F31BA9FA-B13C-4B12-A4F7-362FB5501999} = {092805F5-E4F5-4693-B069-1BE1B130B5ED}
		{51479C36-9D0C-4488-9844-1DB9045AEF96} = {F31BA9FA-B13C-4B12-A4F7-362FB5501999}
	EndGlobalSection
	GlobalSection(ExtensibilityGlobals) = postSolution
		SolutionGuid = {9004C680-FEBB-463C-9C86-C70E1215972D}
	EndGlobalSection
EndGlobal
